<?xml version="1.0" encoding="utf-8"?>
<Project ToolsVersion="4.0" xmlns="http://schemas.microsoft.com/developer/msbuild/2003">
  <ItemGroup>
    <ClCompile Include="Application.cpp" />
    <ClCompile Include="log.cpp" />
    <ClCompile Include="Main.cpp" />
    <ClCompile Include="ModuleInput.cpp" />
    <ClCompile Include="ModuleOpenGL.cpp" />
    <ClCompile Include="ModuleProgram.cpp" />
    <ClCompile Include="ModuleRenderExercise.cpp" />
    <ClCompile Include="ModuleWindow.cpp" />
    <ClCompile Include="imgui-1.89.9-docking\backends\imgui_impl_opengl3.cpp">
      <Filter>IMGUI</Filter>
    </ClCompile>
    <ClCompile Include="imgui-1.89.9-docking\backends\imgui_impl_sdl2.cpp">
      <Filter>IMGUI</Filter>
    </ClCompile>
    <ClCompile Include="imgui-1.89.9-docking\imgui.cpp">
      <Filter>IMGUI</Filter>
    </ClCompile>
    <ClCompile Include="imgui-1.89.9-docking\imgui_demo.cpp">
      <Filter>IMGUI</Filter>
    </ClCompile>
    <ClCompile Include="imgui-1.89.9-docking\imgui_draw.cpp">
      <Filter>IMGUI</Filter>
    </ClCompile>
    <ClCompile Include="imgui-1.89.9-docking\imgui_tables.cpp">
      <Filter>IMGUI</Filter>
    </ClCompile>
    <ClCompile Include="imgui-1.89.9-docking\imgui_widgets.cpp">
      <Filter>IMGUI</Filter>
    </ClCompile>
  </ItemGroup>
  <ItemGroup>
    <ClInclude Include="Application.h" />
    <ClInclude Include="Dummy.h" />
    <ClInclude Include="Globals.h" />
    <ClInclude Include="Module.h" />
    <ClInclude Include="ModuleInput.h" />
    <ClInclude Include="ModuleOpenGL.h" />
    <ClInclude Include="ModuleProgram.h" />
    <ClInclude Include="ModuleRenderExercise.h" />
    <ClInclude Include="ModuleWindow.h" />
    <ClInclude Include="imgui-1.89.9-docking\backends\imgui_impl_opengl3.h">
      <Filter>IMGUI</Filter>
    </ClInclude>
    <ClInclude Include="imgui-1.89.9-docking\backends\imgui_impl_opengl3_loader.h">
      <Filter>IMGUI</Filter>
    </ClInclude>
    <ClInclude Include="imgui-1.89.9-docking\backends\imgui_impl_sdl2.h">
      <Filter>IMGUI</Filter>
    </ClInclude>
    <ClInclude Include="imgui-1.89.9-docking\imconfig.h">
      <Filter>IMGUI</Filter>
    </ClInclude>
    <ClInclude Include="imgui-1.89.9-docking\imgui.h">
      <Filter>IMGUI</Filter>
    </ClInclude>
    <ClInclude Include="imgui-1.89.9-docking\imgui_internal.h">
      <Filter>IMGUI</Filter>
    </ClInclude>
    <ClInclude Include="imgui-1.89.9-docking\imstb_rectpack.h">
      <Filter>IMGUI</Filter>
    </ClInclude>
    <ClInclude Include="imgui-1.89.9-docking\imstb_textedit.h">
      <Filter>IMGUI</Filter>
    </ClInclude>
    <ClInclude Include="imgui-1.89.9-docking\imstb_truetype.h">
      <Filter>IMGUI</Filter>
    </ClInclude>
  </ItemGroup>
  <ItemGroup>
    <None Include="FragmentShader.glsl" />
    <None Include="VertexShader.glsl" />
  </ItemGroup>
  <ItemGroup>
    <Filter Include="IMGUI">
      <UniqueIdentifier>{28e2dd92-563b-416c-86c4-b7f814444476}</UniqueIdentifier>
    </Filter>
  </ItemGroup>
</Project>